
Microsoft Visual Studio Solution File, Format Version 12.00
# Visual Studio Version 17
VisualStudioVersion = 17.5.33516.290
MinimumVisualStudioVersion = 10.0.40219.1
Project("{FAE04EC0-301F-11D3-BF4B-00C04F79EFBC}") = "TurnBattle_CS", "TurnBattle_CS\TurnBattle_CS.csproj", "{2F0F340E-6916-486F-8DA8-D15DA2CD8FCB}"
EndProject
Global
	GlobalSection(SolutionConfigurationPlatforms) = preSolution
		Debug|Any CPU = Debug|Any CPU
		Release|Any CPU = Release|Any CPU
	EndGlobalSection
	GlobalSection(ProjectConfigurationPlatforms) = postSolution
		{2F0F340E-6916-486F-8DA8-D15DA2CD8FCB}.Debug|Any CPU.ActiveCfg = Debug|Any CPU
		{2F0F340E-6916-486F-8DA8-D15DA2CD8FCB}.Debug|Any CPU.Build.0 = Debug|Any CPU
		{2F0F340E-6916-486F-8DA8-D15DA2CD8FCB}.Release|Any CPU.ActiveCfg = Release|Any CPU
		{2F0F340E-6916-486F-8DA8-D15DA2CD8FCB}.Release|Any CPU.Build.0 = Release|Any CPU
	EndGlobalSection
	GlobalSection(SolutionProperties) = preSolution
		HideSolutionNode = FALSE
	EndGlobalSection
	GlobalSection(ExtensibilityGlobals) = postSolution
		SolutionGuid = {4F978DB3-12B9-422C-83B0-EFD955A87917}
	EndGlobalSection
EndGlobal
